// !$*UTF8*$!
{
	archiveVersion = 1;
	classes = {
	};
	objectVersion = 52;
	objects = {

/* Begin PBXBuildFile section */
		3A44900324007CC900AA20B6 /* AppDelegate.swift in Sources */ = {isa = PBXBuildFile; fileRef = 3A44900224007CC900AA20B6 /* AppDelegate.swift */; };
		3A44900524007CC900AA20B6 /* SceneDelegate.swift in Sources */ = {isa = PBXBuildFile; fileRef = 3A44900424007CC900AA20B6 /* SceneDelegate.swift */; };
		3A44900824007CC900AA20B6 /* editContacts2.xcdatamodeld in Sources */ = {isa = PBXBuildFile; fileRef = 3A44900624007CC900AA20B6 /* editContacts2.xcdatamodeld */; };
		3A44900A24007CC900AA20B6 /* ContentView.swift in Sources */ = {isa = PBXBuildFile; fileRef = 3A44900924007CC900AA20B6 /* ContentView.swift */; };
		3A44900C24007CCD00AA20B6 /* Assets.xcassets in Resources */ = {isa = PBXBuildFile; fileRef = 3A44900B24007CCD00AA20B6 /* Assets.xcassets */; };
		3A44900F24007CCD00AA20B6 /* Preview Assets.xcassets in Resources */ = {isa = PBXBuildFile; fileRef = 3A44900E24007CCD00AA20B6 /* Preview Assets.xcassets */; };
		3A44901224007CCD00AA20B6 /* LaunchScreen.storyboard in Resources */ = {isa = PBXBuildFile; fileRef = 3A44901024007CCD00AA20B6 /* LaunchScreen.storyboard */; };
		3A44901D24007CCD00AA20B6 /* editContacts2Tests.swift in Sources */ = {isa = PBXBuildFile; fileRef = 3A44901C24007CCD00AA20B6 /* editContacts2Tests.swift */; };
		3A44902824007CCD00AA20B6 /* editContacts2UITests.swift in Sources */ = {isa = PBXBuildFile; fileRef = 3A44902724007CCD00AA20B6 /* editContacts2UITests.swift */; };
		3A44903724007D3A00AA20B6 /* Stevia in Frameworks */ = {isa = PBXBuildFile; productRef = 3A44903624007D3A00AA20B6 /* Stevia */; };
		3A44903924007E8F00AA20B6 /* ContactVC.swift in Sources */ = {isa = PBXBuildFile; fileRef = 3A44903824007E8F00AA20B6 /* ContactVC.swift */; };
		3A44903C24007FA100AA20B6 /* TextFieldCell.swift in Sources */ = {isa = PBXBuildFile; fileRef = 3A44903B24007FA100AA20B6 /* TextFieldCell.swift */; };
		3A44903E240080DF00AA20B6 /* SectionHeader.swift in Sources */ = {isa = PBXBuildFile; fileRef = 3A44903D240080DF00AA20B6 /* SectionHeader.swift */; };
		3A4490432400869700AA20B6 /* ContactSection.swift in Sources */ = {isa = PBXBuildFile; fileRef = 3A4490422400869700AA20B6 /* ContactSection.swift */; };
		3A77403F2405DB2000A6DEA8 /* String + Extension.swift in Sources */ = {isa = PBXBuildFile; fileRef = 3A77403E2405DB2000A6DEA8 /* String + Extension.swift */; };
		3A7740412405EA3100A6DEA8 /* TextViewCell.swift in Sources */ = {isa = PBXBuildFile; fileRef = 3A7740402405EA3100A6DEA8 /* TextViewCell.swift */; };
		3ACA2ECA24044973004AB4DC /* WarningTextField.swift in Sources */ = {isa = PBXBuildFile; fileRef = 3ACA2EC924044973004AB4DC /* WarningTextField.swift */; };
		3ACA2ECE24049F68004AB4DC /* UIView + Extensions.swift in Sources */ = {isa = PBXBuildFile; fileRef = 3ACA2ECD24049F68004AB4DC /* UIView + Extensions.swift */; };
		3ACC3C952405A173003BE27D /* ContactInfo.swift in Sources */ = {isa = PBXBuildFile; fileRef = 3ACC3C942405A173003BE27D /* ContactInfo.swift */; };
/* End PBXBuildFile section */

/* Begin PBXContainerItemProxy section */
		3A44901924007CCD00AA20B6 /* PBXContainerItemProxy */ = {
			isa = PBXContainerItemProxy;
			containerPortal = 3A448FF724007CC900AA20B6 /* Project object */;
			proxyType = 1;
			remoteGlobalIDString = 3A448FFE24007CC900AA20B6;
			remoteInfo = editContacts2;
		};
		3A44902424007CCD00AA20B6 /* PBXContainerItemProxy */ = {
			isa = PBXContainerItemProxy;
			containerPortal = 3A448FF724007CC900AA20B6 /* Project object */;
			proxyType = 1;
			remoteGlobalIDString = 3A448FFE24007CC900AA20B6;
			remoteInfo = editContacts2;
		};
/* End PBXContainerItemProxy section */

/* Begin PBXFileReference section */
		3A448FFF24007CC900AA20B6 /* editContacts2.app */ = {isa = PBXFileReference; explicitFileType = wrapper.application; includeInIndex = 0; path = editContacts2.app; sourceTree = BUILT_PRODUCTS_DIR; };
		3A44900224007CC900AA20B6 /* AppDelegate.swift */ = {isa = PBXFileReference; lastKnownFileType = sourcecode.swift; path = AppDelegate.swift; sourceTree = "<group>"; };
		3A44900424007CC900AA20B6 /* SceneDelegate.swift */ = {isa = PBXFileReference; lastKnownFileType = sourcecode.swift; path = SceneDelegate.swift; sourceTree = "<group>"; };
		3A44900724007CC900AA20B6 /* editContacts2.xcdatamodel */ = {isa = PBXFileReference; lastKnownFileType = wrapper.xcdatamodel; path = editContacts2.xcdatamodel; sourceTree = "<group>"; };
		3A44900924007CC900AA20B6 /* ContentView.swift */ = {isa = PBXFileReference; lastKnownFileType = sourcecode.swift; path = ContentView.swift; sourceTree = "<group>"; };
		3A44900B24007CCD00AA20B6 /* Assets.xcassets */ = {isa = PBXFileReference; lastKnownFileType = folder.assetcatalog; path = Assets.xcassets; sourceTree = "<group>"; };
		3A44900E24007CCD00AA20B6 /* Preview Assets.xcassets */ = {isa = PBXFileReference; lastKnownFileType = folder.assetcatalog; path = "Preview Assets.xcassets"; sourceTree = "<group>"; };
		3A44901124007CCD00AA20B6 /* Base */ = {isa = PBXFileReference; lastKnownFileType = file.storyboard; name = Base; path = Base.lproj/LaunchScreen.storyboard; sourceTree = "<group>"; };
		3A44901324007CCD00AA20B6 /* Info.plist */ = {isa = PBXFileReference; lastKnownFileType = text.plist.xml; path = Info.plist; sourceTree = "<group>"; };
		3A44901824007CCD00AA20B6 /* editContacts2Tests.xctest */ = {isa = PBXFileReference; explicitFileType = wrapper.cfbundle; includeInIndex = 0; path = editContacts2Tests.xctest; sourceTree = BUILT_PRODUCTS_DIR; };
		3A44901C24007CCD00AA20B6 /* editContacts2Tests.swift */ = {isa = PBXFileReference; lastKnownFileType = sourcecode.swift; path = editContacts2Tests.swift; sourceTree = "<group>"; };
		3A44901E24007CCD00AA20B6 /* Info.plist */ = {isa = PBXFileReference; lastKnownFileType = text.plist.xml; path = Info.plist; sourceTree = "<group>"; };
		3A44902324007CCD00AA20B6 /* editContacts2UITests.xctest */ = {isa = PBXFileReference; explicitFileType = wrapper.cfbundle; includeInIndex = 0; path = editContacts2UITests.xctest; sourceTree = BUILT_PRODUCTS_DIR; };
		3A44902724007CCD00AA20B6 /* editContacts2UITests.swift */ = {isa = PBXFileReference; lastKnownFileType = sourcecode.swift; path = editContacts2UITests.swift; sourceTree = "<group>"; };
		3A44902924007CCD00AA20B6 /* Info.plist */ = {isa = PBXFileReference; lastKnownFileType = text.plist.xml; path = Info.plist; sourceTree = "<group>"; };
		3A44903824007E8F00AA20B6 /* ContactVC.swift */ = {isa = PBXFileReference; lastKnownFileType = sourcecode.swift; path = ContactVC.swift; sourceTree = "<group>"; };
		3A44903B24007FA100AA20B6 /* TextFieldCell.swift */ = {isa = PBXFileReference; lastKnownFileType = sourcecode.swift; path = TextFieldCell.swift; sourceTree = "<group>"; };
		3A44903D240080DF00AA20B6 /* SectionHeader.swift */ = {isa = PBXFileReference; lastKnownFileType = sourcecode.swift; path = SectionHeader.swift; sourceTree = "<group>"; };
		3A4490422400869700AA20B6 /* ContactSection.swift */ = {isa = PBXFileReference; lastKnownFileType = sourcecode.swift; path = ContactSection.swift; sourceTree = "<group>"; };
		3A77403E2405DB2000A6DEA8 /* String + Extension.swift */ = {isa = PBXFileReference; lastKnownFileType = sourcecode.swift; path = "String + Extension.swift"; sourceTree = "<group>"; };
		3A7740402405EA3100A6DEA8 /* TextViewCell.swift */ = {isa = PBXFileReference; lastKnownFileType = sourcecode.swift; path = TextViewCell.swift; sourceTree = "<group>"; };
		3ACA2EC924044973004AB4DC /* WarningTextField.swift */ = {isa = PBXFileReference; lastKnownFileType = sourcecode.swift; path = WarningTextField.swift; sourceTree = "<group>"; };
		3ACA2ECD24049F68004AB4DC /* UIView + Extensions.swift */ = {isa = PBXFileReference; lastKnownFileType = sourcecode.swift; path = "UIView + Extensions.swift"; sourceTree = "<group>"; };
		3ACC3C942405A173003BE27D /* ContactInfo.swift */ = {isa = PBXFileReference; lastKnownFileType = sourcecode.swift; path = ContactInfo.swift; sourceTree = "<group>"; };
/* End PBXFileReference section */

/* Begin PBXFrameworksBuildPhase section */
		3A448FFC24007CC900AA20B6 /* Frameworks */ = {
			isa = PBXFrameworksBuildPhase;
			buildActionMask = 2147483647;
			files = (
				3A44903724007D3A00AA20B6 /* Stevia in Frameworks */,
			);
			runOnlyForDeploymentPostprocessing = 0;
		};
		3A44901524007CCD00AA20B6 /* Frameworks */ = {
			isa = PBXFrameworksBuildPhase;
			buildActionMask = 2147483647;
			files = (
			);
			runOnlyForDeploymentPostprocessing = 0;
		};
		3A44902024007CCD00AA20B6 /* Frameworks */ = {
			isa = PBXFrameworksBuildPhase;
			buildActionMask = 2147483647;
			files = (
			);
			runOnlyForDeploymentPostprocessing = 0;
		};
/* End PBXFrameworksBuildPhase section */

/* Begin PBXGroup section */
		3A448FF624007CC800AA20B6 = {
			isa = PBXGroup;
			children = (
				3A44900124007CC900AA20B6 /* editContacts2 */,
				3A44901B24007CCD00AA20B6 /* editContacts2Tests */,
				3A44902624007CCD00AA20B6 /* editContacts2UITests */,
				3A44900024007CC900AA20B6 /* Products */,
			);
			sourceTree = "<group>";
		};
		3A44900024007CC900AA20B6 /* Products */ = {
			isa = PBXGroup;
			children = (
				3A448FFF24007CC900AA20B6 /* editContacts2.app */,
				3A44901824007CCD00AA20B6 /* editContacts2Tests.xctest */,
				3A44902324007CCD00AA20B6 /* editContacts2UITests.xctest */,
			);
			name = Products;
			sourceTree = "<group>";
		};
		3A44900124007CC900AA20B6 /* editContacts2 */ = {
			isa = PBXGroup;
			children = (
				3ACA2ECC24049F58004AB4DC /* Extension */,
				3ACA2ECB24047B78004AB4DC /* ViewModel */,
				3A4490452400874000AA20B6 /* ViewControllers */,
				3A4490442400869C00AA20B6 /* Models */,
				3A44903A24007F8800AA20B6 /* Views */,
				3A44900224007CC900AA20B6 /* AppDelegate.swift */,
				3A44900424007CC900AA20B6 /* SceneDelegate.swift */,
				3A44900924007CC900AA20B6 /* ContentView.swift */,
				3A44900B24007CCD00AA20B6 /* Assets.xcassets */,
				3A44901024007CCD00AA20B6 /* LaunchScreen.storyboard */,
				3A44901324007CCD00AA20B6 /* Info.plist */,
				3A44900624007CC900AA20B6 /* editContacts2.xcdatamodeld */,
				3A44900D24007CCD00AA20B6 /* Preview Content */,
			);
			path = editContacts2;
			sourceTree = "<group>";
		};
		3A44900D24007CCD00AA20B6 /* Preview Content */ = {
			isa = PBXGroup;
			children = (
				3A44900E24007CCD00AA20B6 /* Preview Assets.xcassets */,
			);
			path = "Preview Content";
			sourceTree = "<group>";
		};
		3A44901B24007CCD00AA20B6 /* editContacts2Tests */ = {
			isa = PBXGroup;
			children = (
				3A44901C24007CCD00AA20B6 /* editContacts2Tests.swift */,
				3A44901E24007CCD00AA20B6 /* Info.plist */,
			);
			path = editContacts2Tests;
			sourceTree = "<group>";
		};
		3A44902624007CCD00AA20B6 /* editContacts2UITests */ = {
			isa = PBXGroup;
			children = (
				3A44902724007CCD00AA20B6 /* editContacts2UITests.swift */,
				3A44902924007CCD00AA20B6 /* Info.plist */,
			);
			path = editContacts2UITests;
			sourceTree = "<group>";
		};
		3A44903A24007F8800AA20B6 /* Views */ = {
			isa = PBXGroup;
			children = (
				3A44903B24007FA100AA20B6 /* TextFieldCell.swift */,
				3A44903D240080DF00AA20B6 /* SectionHeader.swift */,
				3ACA2EC924044973004AB4DC /* WarningTextField.swift */,
				3A7740402405EA3100A6DEA8 /* TextViewCell.swift */,
			);
			path = Views;
			sourceTree = "<group>";
		};
		3A4490442400869C00AA20B6 /* Models */ = {
			isa = PBXGroup;
			children = (
				3A4490422400869700AA20B6 /* ContactSection.swift */,
				3ACC3C942405A173003BE27D /* ContactInfo.swift */,
			);
			path = Models;
			sourceTree = "<group>";
		};
		3A4490452400874000AA20B6 /* ViewControllers */ = {
			isa = PBXGroup;
			children = (
				3A44903824007E8F00AA20B6 /* ContactVC.swift */,
			);
			path = ViewControllers;
			sourceTree = "<group>";
		};
		3ACA2ECB24047B78004AB4DC /* ViewModel */ = {
			isa = PBXGroup;
			children = (
			);
			path = ViewModel;
			sourceTree = "<group>";
		};
		3ACA2ECC24049F58004AB4DC /* Extension */ = {
			isa = PBXGroup;
			children = (
				3ACA2ECD24049F68004AB4DC /* UIView + Extensions.swift */,
				3A77403E2405DB2000A6DEA8 /* String + Extension.swift */,
			);
			path = Extension;
			sourceTree = "<group>";
		};
/* End PBXGroup section */

/* Begin PBXNativeTarget section */
		3A448FFE24007CC900AA20B6 /* editContacts2 */ = {
			isa = PBXNativeTarget;
			buildConfigurationList = 3A44902C24007CCD00AA20B6 /* Build configuration list for PBXNativeTarget "editContacts2" */;
			buildPhases = (
				3A448FFB24007CC900AA20B6 /* Sources */,
				3A448FFC24007CC900AA20B6 /* Frameworks */,
				3A448FFD24007CC900AA20B6 /* Resources */,
			);
			buildRules = (
			);
			dependencies = (
			);
			name = editContacts2;
			packageProductDependencies = (
				3A44903624007D3A00AA20B6 /* Stevia */,
			);
			productName = editContacts2;
			productReference = 3A448FFF24007CC900AA20B6 /* editContacts2.app */;
			productType = "com.apple.product-type.application";
		};
		3A44901724007CCD00AA20B6 /* editContacts2Tests */ = {
			isa = PBXNativeTarget;
			buildConfigurationList = 3A44902F24007CCD00AA20B6 /* Build configuration list for PBXNativeTarget "editContacts2Tests" */;
			buildPhases = (
				3A44901424007CCD00AA20B6 /* Sources */,
				3A44901524007CCD00AA20B6 /* Frameworks */,
				3A44901624007CCD00AA20B6 /* Resources */,
			);
			buildRules = (
			);
			dependencies = (
				3A44901A24007CCD00AA20B6 /* PBXTargetDependency */,
			);
			name = editContacts2Tests;
			productName = editContacts2Tests;
			productReference = 3A44901824007CCD00AA20B6 /* editContacts2Tests.xctest */;
			productType = "com.apple.product-type.bundle.unit-test";
		};
		3A44902224007CCD00AA20B6 /* editContacts2UITests */ = {
			isa = PBXNativeTarget;
			buildConfigurationList = 3A44903224007CCD00AA20B6 /* Build configuration list for PBXNativeTarget "editContacts2UITests" */;
			buildPhases = (
				3A44901F24007CCD00AA20B6 /* Sources */,
				3A44902024007CCD00AA20B6 /* Frameworks */,
				3A44902124007CCD00AA20B6 /* Resources */,
			);
			buildRules = (
			);
			dependencies = (
				3A44902524007CCD00AA20B6 /* PBXTargetDependency */,
			);
			name = editContacts2UITests;
			productName = editContacts2UITests;
			productReference = 3A44902324007CCD00AA20B6 /* editContacts2UITests.xctest */;
			productType = "com.apple.product-type.bundle.ui-testing";
		};
/* End PBXNativeTarget section */

/* Begin PBXProject section */
		3A448FF724007CC900AA20B6 /* Project object */ = {
			isa = PBXProject;
			attributes = {
				LastSwiftUpdateCheck = 1130;
				LastUpgradeCheck = 1130;
				ORGANIZATIONNAME = "NIGEL FAUSTINO";
				TargetAttributes = {
					3A448FFE24007CC900AA20B6 = {
						CreatedOnToolsVersion = 11.3.1;
					};
					3A44901724007CCD00AA20B6 = {
						CreatedOnToolsVersion = 11.3.1;
						TestTargetID = 3A448FFE24007CC900AA20B6;
					};
					3A44902224007CCD00AA20B6 = {
						CreatedOnToolsVersion = 11.3.1;
						TestTargetID = 3A448FFE24007CC900AA20B6;
					};
				};
			};
			buildConfigurationList = 3A448FFA24007CC900AA20B6 /* Build configuration list for PBXProject "editContacts2" */;
			compatibilityVersion = "Xcode 9.3";
			developmentRegion = en;
			hasScannedForEncodings = 0;
			knownRegions = (
				en,
				Base,
			);
			mainGroup = 3A448FF624007CC800AA20B6;
			packageReferences = (
				3A44903524007D3A00AA20B6 /* XCRemoteSwiftPackageReference "Stevia" */,
			);
			productRefGroup = 3A44900024007CC900AA20B6 /* Products */;
			projectDirPath = "";
			projectRoot = "";
			targets = (
				3A448FFE24007CC900AA20B6 /* editContacts2 */,
				3A44901724007CCD00AA20B6 /* editContacts2Tests */,
				3A44902224007CCD00AA20B6 /* editContacts2UITests */,
			);
		};
/* End PBXProject section */

/* Begin PBXResourcesBuildPhase section */
		3A448FFD24007CC900AA20B6 /* Resources */ = {
			isa = PBXResourcesBuildPhase;
			buildActionMask = 2147483647;
			files = (
				3A44901224007CCD00AA20B6 /* LaunchScreen.storyboard in Resources */,
				3A44900F24007CCD00AA20B6 /* Preview Assets.xcassets in Resources */,
				3A44900C24007CCD00AA20B6 /* Assets.xcassets in Resources */,
			);
			runOnlyForDeploymentPostprocessing = 0;
		};
		3A44901624007CCD00AA20B6 /* Resources */ = {
			isa = PBXResourcesBuildPhase;
			buildActionMask = 2147483647;
			files = (
			);
			runOnlyForDeploymentPostprocessing = 0;
		};
		3A44902124007CCD00AA20B6 /* Resources */ = {
			isa = PBXResourcesBuildPhase;
			buildActionMask = 2147483647;
			files = (
			);
			runOnlyForDeploymentPostprocessing = 0;
		};
/* End PBXResourcesBuildPhase section */

/* Begin PBXSourcesBuildPhase section */
		3A448FFB24007CC900AA20B6 /* Sources */ = {
			isa = PBXSourcesBuildPhase;
			buildActionMask = 2147483647;
			files = (
				3A4490432400869700AA20B6 /* ContactSection.swift in Sources */,
				3A44900324007CC900AA20B6 /* AppDelegate.swift in Sources */,
				3A77403F2405DB2000A6DEA8 /* String + Extension.swift in Sources */,
				3ACA2ECE24049F68004AB4DC /* UIView + Extensions.swift in Sources */,
				3A44900524007CC900AA20B6 /* SceneDelegate.swift in Sources */,
				3ACC3C952405A173003BE27D /* ContactInfo.swift in Sources */,
				3A44900A24007CC900AA20B6 /* ContentView.swift in Sources */,
				3A44903E240080DF00AA20B6 /* SectionHeader.swift in Sources */,
				3ACA2ECA24044973004AB4DC /* WarningTextField.swift in Sources */,
				3A44900824007CC900AA20B6 /* editContacts2.xcdatamodeld in Sources */,
				3A44903924007E8F00AA20B6 /* ContactVC.swift in Sources */,
				3A44903C24007FA100AA20B6 /* TextFieldCell.swift in Sources */,
				3A7740412405EA3100A6DEA8 /* TextViewCell.swift in Sources */,
			);
			runOnlyForDeploymentPostprocessing = 0;
		};
		3A44901424007CCD00AA20B6 /* Sources */ = {
			isa = PBXSourcesBuildPhase;
			buildActionMask = 2147483647;
			files = (
				3A44901D24007CCD00AA20B6 /* editContacts2Tests.swift in Sources */,
			);
			runOnlyForDeploymentPostprocessing = 0;
		};
		3A44901F24007CCD00AA20B6 /* Sources */ = {
			isa = PBXSourcesBuildPhase;
			buildActionMask = 2147483647;
			files = (
				3A44902824007CCD00AA20B6 /* editContacts2UITests.swift in Sources */,
			);
			runOnlyForDeploymentPostprocessing = 0;
		};
/* End PBXSourcesBuildPhase section */

/* Begin PBXTargetDependency section */
		3A44901A24007CCD00AA20B6 /* PBXTargetDependency */ = {
			isa = PBXTargetDependency;
			target = 3A448FFE24007CC900AA20B6 /* editContacts2 */;
			targetProxy = 3A44901924007CCD00AA20B6 /* PBXContainerItemProxy */;
		};
		3A44902524007CCD00AA20B6 /* PBXTargetDependency */ = {
			isa = PBXTargetDependency;
			target = 3A448FFE24007CC900AA20B6 /* editContacts2 */;
			targetProxy = 3A44902424007CCD00AA20B6 /* PBXContainerItemProxy */;
		};
/* End PBXTargetDependency section */

/* Begin PBXVariantGroup section */
		3A44901024007CCD00AA20B6 /* LaunchScreen.storyboard */ = {
			isa = PBXVariantGroup;
			children = (
				3A44901124007CCD00AA20B6 /* Base */,
			);
			name = LaunchScreen.storyboard;
			sourceTree = "<group>";
		};
/* End PBXVariantGroup section */

/* Begin XCBuildConfiguration section */
		3A44902A24007CCD00AA20B6 /* Debug */ = {
			isa = XCBuildConfiguration;
			buildSettings = {
				ALWAYS_SEARCH_USER_PATHS = NO;
				CLANG_ANALYZER_NONNULL = YES;
				CLANG_ANALYZER_NUMBER_OBJECT_CONVERSION = YES_AGGRESSIVE;
				CLANG_CXX_LANGUAGE_STANDARD = "gnu++14";
				CLANG_CXX_LIBRARY = "libc++";
				CLANG_ENABLE_MODULES = YES;
				CLANG_ENABLE_OBJC_ARC = YES;
				CLANG_ENABLE_OBJC_WEAK = YES;
				CLANG_WARN_BLOCK_CAPTURE_AUTORELEASING = YES;
				CLANG_WARN_BOOL_CONVERSION = YES;
				CLANG_WARN_COMMA = YES;
				CLANG_WARN_CONSTANT_CONVERSION = YES;
				CLANG_WARN_DEPRECATED_OBJC_IMPLEMENTATIONS = YES;
				CLANG_WARN_DIRECT_OBJC_ISA_USAGE = YES_ERROR;
				CLANG_WARN_DOCUMENTATION_COMMENTS = YES;
				CLANG_WARN_EMPTY_BODY = YES;
				CLANG_WARN_ENUM_CONVERSION = YES;
				CLANG_WARN_INFINITE_RECURSION = YES;
				CLANG_WARN_INT_CONVERSION = YES;
				CLANG_WARN_NON_LITERAL_NULL_CONVERSION = YES;
				CLANG_WARN_OBJC_IMPLICIT_RETAIN_SELF = YES;
				CLANG_WARN_OBJC_LITERAL_CONVERSION = YES;
				CLANG_WARN_OBJC_ROOT_CLASS = YES_ERROR;
				CLANG_WARN_RANGE_LOOP_ANALYSIS = YES;
				CLANG_WARN_STRICT_PROTOTYPES = YES;
				CLANG_WARN_SUSPICIOUS_MOVE = YES;
				CLANG_WARN_UNGUARDED_AVAILABILITY = YES_AGGRESSIVE;
				CLANG_WARN_UNREACHABLE_CODE = YES;
				CLANG_WARN__DUPLICATE_METHOD_MATCH = YES;
				COPY_PHASE_STRIP = NO;
				DEBUG_INFORMATION_FORMAT = dwarf;
				ENABLE_STRICT_OBJC_MSGSEND = YES;
				ENABLE_TESTABILITY = YES;
				GCC_C_LANGUAGE_STANDARD = gnu11;
				GCC_DYNAMIC_NO_PIC = NO;
				GCC_NO_COMMON_BLOCKS = YES;
				GCC_OPTIMIZATION_LEVEL = 0;
				GCC_PREPROCESSOR_DEFINITIONS = (
					"DEBUG=1",
					"$(inherited)",
				);
				GCC_WARN_64_TO_32_BIT_CONVERSION = YES;
				GCC_WARN_ABOUT_RETURN_TYPE = YES_ERROR;
				GCC_WARN_UNDECLARED_SELECTOR = YES;
				GCC_WARN_UNINITIALIZED_AUTOS = YES_AGGRESSIVE;
				GCC_WARN_UNUSED_FUNCTION = YES;
				GCC_WARN_UNUSED_VARIABLE = YES;
				IPHONEOS_DEPLOYMENT_TARGET = 13.2;
				MTL_ENABLE_DEBUG_INFO = INCLUDE_SOURCE;
				MTL_FAST_MATH = YES;
				ONLY_ACTIVE_ARCH = YES;
				SDKROOT = iphoneos;
				SWIFT_ACTIVE_COMPILATION_CONDITIONS = DEBUG;
				SWIFT_OPTIMIZATION_LEVEL = "-Onone";
			};
			name = Debug;
		};
		3A44902B24007CCD00AA20B6 /* Release */ = {
			isa = XCBuildConfiguration;
			buildSettings = {
				ALWAYS_SEARCH_USER_PATHS = NO;
				CLANG_ANALYZER_NONNULL = YES;
				CLANG_ANALYZER_NUMBER_OBJECT_CONVERSION = YES_AGGRESSIVE;
				CLANG_CXX_LANGUAGE_STANDARD = "gnu++14";
				CLANG_CXX_LIBRARY = "libc++";
				CLANG_ENABLE_MODULES = YES;
				CLANG_ENABLE_OBJC_ARC = YES;
				CLANG_ENABLE_OBJC_WEAK = YES;
				CLANG_WARN_BLOCK_CAPTURE_AUTORELEASING = YES;
				CLANG_WARN_BOOL_CONVERSION = YES;
				CLANG_WARN_COMMA = YES;
				CLANG_WARN_CONSTANT_CONVERSION = YES;
				CLANG_WARN_DEPRECATED_OBJC_IMPLEMENTATIONS = YES;
				CLANG_WARN_DIRECT_OBJC_ISA_USAGE = YES_ERROR;
				CLANG_WARN_DOCUMENTATION_COMMENTS = YES;
				CLANG_WARN_EMPTY_BODY = YES;
				CLANG_WARN_ENUM_CONVERSION = YES;
				CLANG_WARN_INFINITE_RECURSION = YES;
				CLANG_WARN_INT_CONVERSION = YES;
				CLANG_WARN_NON_LITERAL_NULL_CONVERSION = YES;
				CLANG_WARN_OBJC_IMPLICIT_RETAIN_SELF = YES;
				CLANG_WARN_OBJC_LITERAL_CONVERSION = YES;
				CLANG_WARN_OBJC_ROOT_CLASS = YES_ERROR;
				CLANG_WARN_RANGE_LOOP_ANALYSIS = YES;
				CLANG_WARN_STRICT_PROTOTYPES = YES;
				CLANG_WARN_SUSPICIOUS_MOVE = YES;
				CLANG_WARN_UNGUARDED_AVAILABILITY = YES_AGGRESSIVE;
				CLANG_WARN_UNREACHABLE_CODE = YES;
				CLANG_WARN__DUPLICATE_METHOD_MATCH = YES;
				COPY_PHASE_STRIP = NO;
				DEBUG_INFORMATION_FORMAT = "dwarf-with-dsym";
				ENABLE_NS_ASSERTIONS = NO;
				ENABLE_STRICT_OBJC_MSGSEND = YES;
				GCC_C_LANGUAGE_STANDARD = gnu11;
				GCC_NO_COMMON_BLOCKS = YES;
				GCC_WARN_64_TO_32_BIT_CONVERSION = YES;
				GCC_WARN_ABOUT_RETURN_TYPE = YES_ERROR;
				GCC_WARN_UNDECLARED_SELECTOR = YES;
				GCC_WARN_UNINITIALIZED_AUTOS = YES_AGGRESSIVE;
				GCC_WARN_UNUSED_FUNCTION = YES;
				GCC_WARN_UNUSED_VARIABLE = YES;
				IPHONEOS_DEPLOYMENT_TARGET = 13.2;
				MTL_ENABLE_DEBUG_INFO = NO;
				MTL_FAST_MATH = YES;
				SDKROOT = iphoneos;
				SWIFT_COMPILATION_MODE = wholemodule;
				SWIFT_OPTIMIZATION_LEVEL = "-O";
				VALIDATE_PRODUCT = YES;
			};
			name = Release;
		};
		3A44902D24007CCD00AA20B6 /* Debug */ = {
			isa = XCBuildConfiguration;
			buildSettings = {
				ASSETCATALOG_COMPILER_APPICON_NAME = AppIcon;
				CODE_SIGN_STYLE = Automatic;
				DEVELOPMENT_ASSET_PATHS = "\"editContacts2/Preview Content\"";
				ENABLE_PREVIEWS = YES;
				INFOPLIST_FILE = editContacts2/Info.plist;
				LD_RUNPATH_SEARCH_PATHS = (
					"$(inherited)",
					"@executable_path/Frameworks",
				);
				PRODUCT_BUNDLE_IDENTIFIER = Nigel.editContacts2;
				PRODUCT_NAME = "$(TARGET_NAME)";
				SWIFT_VERSION = 5.0;
				TARGETED_DEVICE_FAMILY = "1,2";
			};
			name = Debug;
		};
		3A44902E24007CCD00AA20B6 /* Release */ = {
			isa = XCBuildConfiguration;
			buildSettings = {
				ASSETCATALOG_COMPILER_APPICON_NAME = AppIcon;
				CODE_SIGN_STYLE = Automatic;
				DEVELOPMENT_ASSET_PATHS = "\"editContacts2/Preview Content\"";
				ENABLE_PREVIEWS = YES;
				INFOPLIST_FILE = editContacts2/Info.plist;
				LD_RUNPATH_SEARCH_PATHS = (
					"$(inherited)",
					"@executable_path/Frameworks",
				);
				PRODUCT_BUNDLE_IDENTIFIER = Nigel.editContacts2;
				PRODUCT_NAME = "$(TARGET_NAME)";
				SWIFT_VERSION = 5.0;
				TARGETED_DEVICE_FAMILY = "1,2";
			};
			name = Release;
		};
		3A44903024007CCD00AA20B6 /* Debug */ = {
			isa = XCBuildConfiguration;
			buildSettings = {
				ALWAYS_EMBED_SWIFT_STANDARD_LIBRARIES = YES;
				BUNDLE_LOADER = "$(TEST_HOST)";
				CODE_SIGN_STYLE = Automatic;
				INFOPLIST_FILE = editContacts2Tests/Info.plist;
				IPHONEOS_DEPLOYMENT_TARGET = 13.2;
				LD_RUNPATH_SEARCH_PATHS = (
					"$(inherited)",
					"@executable_path/Frameworks",
					"@loader_path/Frameworks",
				);
				PRODUCT_BUNDLE_IDENTIFIER = Nigel.editContacts2Tests;
				PRODUCT_NAME = "$(TARGET_NAME)";
				SWIFT_VERSION = 5.0;
				TARGETED_DEVICE_FAMILY = "1,2";
				TEST_HOST = "$(BUILT_PRODUCTS_DIR)/editContacts2.app/editContacts2";
			};
			name = Debug;
		};
		3A44903124007CCD00AA20B6 /* Release */ = {
			isa = XCBuildConfiguration;
			buildSettings = {
				ALWAYS_EMBED_SWIFT_STANDARD_LIBRARIES = YES;
				BUNDLE_LOADER = "$(TEST_HOST)";
				CODE_SIGN_STYLE = Automatic;
				INFOPLIST_FILE = editContacts2Tests/Info.plist;
				IPHONEOS_DEPLOYMENT_TARGET = 13.2;
				LD_RUNPATH_SEARCH_PATHS = (
					"$(inherited)",
					"@executable_path/Frameworks",
					"@loader_path/Frameworks",
				);
				PRODUCT_BUNDLE_IDENTIFIER = Nigel.editContacts2Tests;
				PRODUCT_NAME = "$(TARGET_NAME)";
				SWIFT_VERSION = 5.0;
				TARGETED_DEVICE_FAMILY = "1,2";
				TEST_HOST = "$(BUILT_PRODUCTS_DIR)/editContacts2.app/editContacts2";
			};
			name = Release;
		};
		3A44903324007CCD00AA20B6 /* Debug */ = {
			isa = XCBuildConfiguration;
			buildSettings = {
				ALWAYS_EMBED_SWIFT_STANDARD_LIBRARIES = YES;
				CODE_SIGN_STYLE = Automatic;
				INFOPLIST_FILE = editContacts2UITests/Info.plist;
				LD_RUNPATH_SEARCH_PATHS = (
					"$(inherited)",
					"@executable_path/Frameworks",
					"@loader_path/Frameworks",
				);
				PRODUCT_BUNDLE_IDENTIFIER = Nigel.editContacts2UITests;
				PRODUCT_NAME = "$(TARGET_NAME)";
				SWIFT_VERSION = 5.0;
				TARGETED_DEVICE_FAMILY = "1,2";
				TEST_TARGET_NAME = editContacts2;
			};
			name = Debug;
		};
		3A44903424007CCD00AA20B6 /* Release */ = {
			isa = XCBuildConfiguration;
			buildSettings = {
				ALWAYS_EMBED_SWIFT_STANDARD_LIBRARIES = YES;
				CODE_SIGN_STYLE = Automatic;
				INFOPLIST_FILE = editContacts2UITests/Info.plist;
				LD_RUNPATH_SEARCH_PATHS = (
					"$(inherited)",
					"@executable_path/Frameworks",
					"@loader_path/Frameworks",
				);
				PRODUCT_BUNDLE_IDENTIFIER = Nigel.editContacts2UITests;
				PRODUCT_NAME = "$(TARGET_NAME)";
				SWIFT_VERSION = 5.0;
				TARGETED_DEVICE_FAMILY = "1,2";
				TEST_TARGET_NAME = editContacts2;
			};
			name = Release;
		};
/* End XCBuildConfiguration section */

/* Begin XCConfigurationList section */
		3A448FFA24007CC900AA20B6 /* Build configuration list for PBXProject "editContacts2" */ = {
			isa = XCConfigurationList;
			buildConfigurations = (
				3A44902A24007CCD00AA20B6 /* Debug */,
				3A44902B24007CCD00AA20B6 /* Release */,
			);
			defaultConfigurationIsVisible = 0;
			defaultConfigurationName = Release;
		};
		3A44902C24007CCD00AA20B6 /* Build configuration list for PBXNativeTarget "editContacts2" */ = {
			isa = XCConfigurationList;
			buildConfigurations = (
				3A44902D24007CCD00AA20B6 /* Debug */,
				3A44902E24007CCD00AA20B6 /* Release */,
			);
			defaultConfigurationIsVisible = 0;
			defaultConfigurationName = Release;
		};
		3A44902F24007CCD00AA20B6 /* Build configuration list for PBXNativeTarget "editContacts2Tests" */ = {
			isa = XCConfigurationList;
			buildConfigurations = (
				3A44903024007CCD00AA20B6 /* Debug */,
				3A44903124007CCD00AA20B6 /* Release */,
			);
			defaultConfigurationIsVisible = 0;
			defaultConfigurationName = Release;
		};
		3A44903224007CCD00AA20B6 /* Build configuration list for PBXNativeTarget "editContacts2UITests" */ = {
			isa = XCConfigurationList;
			buildConfigurations = (
				3A44903324007CCD00AA20B6 /* Debug */,
				3A44903424007CCD00AA20B6 /* Release */,
			);
			defaultConfigurationIsVisible = 0;
			defaultConfigurationName = Release;
		};
/* End XCConfigurationList section */

/* Begin XCRemoteSwiftPackageReference section */
		3A44903524007D3A00AA20B6 /* XCRemoteSwiftPackageReference "Stevia" */ = {
			isa = XCRemoteSwiftPackageReference;
			repositoryURL = "https://github.com/freshOS/Stevia";
			requirement = {
				kind = upToNextMajorVersion;
				minimumVersion = 4.8.0;
			};
		};
/* End XCRemoteSwiftPackageReference section */

/* Begin XCSwiftPackageProductDependency section */
		3A44903624007D3A00AA20B6 /* Stevia */ = {
			isa = XCSwiftPackageProductDependency;
			package = 3A44903524007D3A00AA20B6 /* XCRemoteSwiftPackageReference "Stevia" */;
			productName = Stevia;
		};
/* End XCSwiftPackageProductDependency section */

/* Begin XCVersionGroup section */
		3A44900624007CC900AA20B6 /* editContacts2.xcdatamodeld */ = {
			isa = XCVersionGroup;
			children = (
				3A44900724007CC900AA20B6 /* editContacts2.xcdatamodel */,
			);
			currentVersion = 3A44900724007CC900AA20B6 /* editContacts2.xcdatamodel */;
			path = editContacts2.xcdatamodeld;
			sourceTree = "<group>";
			versionGroupType = wrapper.xcdatamodel;
		};
/* End XCVersionGroup section */
	};
	rootObject = 3A448FF724007CC900AA20B6 /* Project object */;
}
